
Microsoft Visual Studio Solution File, Format Version 12.00
Project("{FAE04EC0-301F-11D3-BF4B-00C04F79EFBC}") = "TripBooking.Api", "TripBooking.Api\TripBooking.Api.csproj", "{C23B9E9D-109B-4417-84B5-8B1FAB0B9230}"
EndProject
Project("{FAE04EC0-301F-11D3-BF4B-00C04F79EFBC}") = "TripBooking.Api.IntegrationTests", "TripBooking.Api.IntegrationTests\TripBooking.Api.IntegrationTests.csproj", "{B448D0B9-CF29-4E95-919C-6893B91B92C8}"
EndProject
Project("{FAE04EC0-301F-11D3-BF4B-00C04F79EFBC}") = "TripBooking.Api.UnitTests", "TripBooking.Api.UnitTests\TripBooking.Api.UnitTests.csproj", "{0E84ED3A-C21D-44CD-B347-D04E869E69B3}"
EndProject
Project("{FAE04EC0-301F-11D3-BF4B-00C04F79EFBC}") = "TripBooking.Domain", "TripBooking.Domain\TripBooking.Domain.csproj", "{FD064172-9696-492C-AFEA-4DE4225F13BA}"
EndProject
Project("{FAE04EC0-301F-11D3-BF4B-00C04F79EFBC}") = "TripBooking.Infrastructure", "TripBooking.Infrastructure\TripBooking.Infrastructure.csproj", "{AC7A06BA-44BE-470F-B51A-29786F4D5630}"
EndProject
Project("{FAE04EC0-301F-11D3-BF4B-00C04F79EFBC}") = "TripBooking.Domain.Validations", "TripBooking.Domain.Validations\TripBooking.Domain.Validations.csproj", "{33BAEDA5-59C0-4496-8139-0FD52D8E60AA}"
EndProject
Project("{FAE04EC0-301F-11D3-BF4B-00C04F79EFBC}") = "TripBooking.ApplicationServices", "TripBooking.ApplicationServices\TripBooking.ApplicationServices.csproj", "{ED474519-0327-4337-8477-A3D9FDE898E0}"
EndProject
Project("{FAE04EC0-301F-11D3-BF4B-00C04F79EFBC}") = "TripBooking.ApplicationServices.UnitTests", "TripBooking.ApplicationServices.UnitTests\TripBooking.ApplicationServices.UnitTests.csproj", "{9403460C-5A89-498C-A082-3E7D8722F48A}"
EndProject
Project("{FAE04EC0-301F-11D3-BF4B-00C04F79EFBC}") = "Shared.Results", "Shared.Results\Shared.Results.csproj", "{4EF5297C-8E3F-498E-A8DC-B10DB22E93B8}"
EndProject
Global
	GlobalSection(SolutionConfigurationPlatforms) = preSolution
		Debug|Any CPU = Debug|Any CPU
		Release|Any CPU = Release|Any CPU
	EndGlobalSection
	GlobalSection(ProjectConfigurationPlatforms) = postSolution
		{C23B9E9D-109B-4417-84B5-8B1FAB0B9230}.Debug|Any CPU.ActiveCfg = Debug|Any CPU
		{C23B9E9D-109B-4417-84B5-8B1FAB0B9230}.Debug|Any CPU.Build.0 = Debug|Any CPU
		{C23B9E9D-109B-4417-84B5-8B1FAB0B9230}.Release|Any CPU.ActiveCfg = Release|Any CPU
		{C23B9E9D-109B-4417-84B5-8B1FAB0B9230}.Release|Any CPU.Build.0 = Release|Any CPU
		{B448D0B9-CF29-4E95-919C-6893B91B92C8}.Debug|Any CPU.ActiveCfg = Debug|Any CPU
		{B448D0B9-CF29-4E95-919C-6893B91B92C8}.Debug|Any CPU.Build.0 = Debug|Any CPU
		{B448D0B9-CF29-4E95-919C-6893B91B92C8}.Release|Any CPU.ActiveCfg = Release|Any CPU
		{B448D0B9-CF29-4E95-919C-6893B91B92C8}.Release|Any CPU.Build.0 = Release|Any CPU
		{0E84ED3A-C21D-44CD-B347-D04E869E69B3}.Debug|Any CPU.ActiveCfg = Debug|Any CPU
		{0E84ED3A-C21D-44CD-B347-D04E869E69B3}.Debug|Any CPU.Build.0 = Debug|Any CPU
		{0E84ED3A-C21D-44CD-B347-D04E869E69B3}.Release|Any CPU.ActiveCfg = Release|Any CPU
		{0E84ED3A-C21D-44CD-B347-D04E869E69B3}.Release|Any CPU.Build.0 = Release|Any CPU
		{FD064172-9696-492C-AFEA-4DE4225F13BA}.Debug|Any CPU.ActiveCfg = Debug|Any CPU
		{FD064172-9696-492C-AFEA-4DE4225F13BA}.Debug|Any CPU.Build.0 = Debug|Any CPU
		{FD064172-9696-492C-AFEA-4DE4225F13BA}.Release|Any CPU.ActiveCfg = Release|Any CPU
		{FD064172-9696-492C-AFEA-4DE4225F13BA}.Release|Any CPU.Build.0 = Release|Any CPU
		{AC7A06BA-44BE-470F-B51A-29786F4D5630}.Debug|Any CPU.ActiveCfg = Debug|Any CPU
		{AC7A06BA-44BE-470F-B51A-29786F4D5630}.Debug|Any CPU.Build.0 = Debug|Any CPU
		{AC7A06BA-44BE-470F-B51A-29786F4D5630}.Release|Any CPU.ActiveCfg = Release|Any CPU
		{AC7A06BA-44BE-470F-B51A-29786F4D5630}.Release|Any CPU.Build.0 = Release|Any CPU
		{33BAEDA5-59C0-4496-8139-0FD52D8E60AA}.Debug|Any CPU.ActiveCfg = Debug|Any CPU
		{33BAEDA5-59C0-4496-8139-0FD52D8E60AA}.Debug|Any CPU.Build.0 = Debug|Any CPU
		{33BAEDA5-59C0-4496-8139-0FD52D8E60AA}.Release|Any CPU.ActiveCfg = Release|Any CPU
		{33BAEDA5-59C0-4496-8139-0FD52D8E60AA}.Release|Any CPU.Build.0 = Release|Any CPU
		{ED474519-0327-4337-8477-A3D9FDE898E0}.Debug|Any CPU.ActiveCfg = Debug|Any CPU
		{ED474519-0327-4337-8477-A3D9FDE898E0}.Debug|Any CPU.Build.0 = Debug|Any CPU
		{ED474519-0327-4337-8477-A3D9FDE898E0}.Release|Any CPU.ActiveCfg = Release|Any CPU
		{ED474519-0327-4337-8477-A3D9FDE898E0}.Release|Any CPU.Build.0 = Release|Any CPU
		{9403460C-5A89-498C-A082-3E7D8722F48A}.Debug|Any CPU.ActiveCfg = Debug|Any CPU
		{9403460C-5A89-498C-A082-3E7D8722F48A}.Debug|Any CPU.Build.0 = Debug|Any CPU
		{9403460C-5A89-498C-A082-3E7D8722F48A}.Release|Any CPU.ActiveCfg = Release|Any CPU
		{9403460C-5A89-498C-A082-3E7D8722F48A}.Release|Any CPU.Build.0 = Release|Any CPU
		{4EF5297C-8E3F-498E-A8DC-B10DB22E93B8}.Debug|Any CPU.ActiveCfg = Debug|Any CPU
		{4EF5297C-8E3F-498E-A8DC-B10DB22E93B8}.Debug|Any CPU.Build.0 = Debug|Any CPU
		{4EF5297C-8E3F-498E-A8DC-B10DB22E93B8}.Release|Any CPU.ActiveCfg = Release|Any CPU
		{4EF5297C-8E3F-498E-A8DC-B10DB22E93B8}.Release|Any CPU.Build.0 = Release|Any CPU
	EndGlobalSection
EndGlobal
